
Microsoft Visual Studio Solution File, Format Version 12.00
# Visual Studio Version 16
VisualStudioVersion = 16.0.30011.22
MinimumVisualStudioVersion = 10.0.40219.1
Project("{FAE04EC0-301F-11D3-BF4B-00C04F79EFBC}") = "Go_Holiday_2.0", "Go_Holiday_2.0\Go_Holiday_2.0.csproj", "{4E4AEB9F-51C2-40D7-B64B-DC5274586ECE}"
EndProject
Global
	GlobalSection(SolutionConfigurationPlatforms) = preSolution
		Debug|Any CPU = Debug|Any CPU
		Release|Any CPU = Release|Any CPU
	EndGlobalSection
	GlobalSection(ProjectConfigurationPlatforms) = postSolution
		{4E4AEB9F-51C2-40D7-B64B-DC5274586ECE}.Debug|Any CPU.ActiveCfg = Debug|Any CPU
		{4E4AEB9F-51C2-40D7-B64B-DC5274586ECE}.Debug|Any CPU.Build.0 = Debug|Any CPU
		{4E4AEB9F-51C2-40D7-B64B-DC5274586ECE}.Release|Any CPU.ActiveCfg = Release|Any CPU
		{4E4AEB9F-51C2-40D7-B64B-DC5274586ECE}.Release|Any CPU.Build.0 = Release|Any CPU
	EndGlobalSection
	GlobalSection(SolutionProperties) = preSolution
		HideSolutionNode = FALSE
	EndGlobalSection
	GlobalSection(ExtensibilityGlobals) = postSolution
		SolutionGuid = {BA1B250D-E336-46EA-8147-F2F93F662C06}
	EndGlobalSection
EndGlobal
